
Microsoft Visual Studio Solution File, Format Version 12.00
# Visual Studio Version 17
VisualStudioVersion = 17.8.34525.116
MinimumVisualStudioVersion = 10.0.40219.1
Project("{FAE04EC0-301F-11D3-BF4B-00C04F79EFBC}") = "Week8EpicGame", "Week8EpicGame\Week8EpicGame.csproj", "{0EB39A18-8FC6-4BFD-AB1D-FA7FFB3A3EAA}"
EndProject
Global
	GlobalSection(SolutionConfigurationPlatforms) = preSolution
		Debug|Any CPU = Debug|Any CPU
		Release|Any CPU = Release|Any CPU
	EndGlobalSection
	GlobalSection(ProjectConfigurationPlatforms) = postSolution
		{0EB39A18-8FC6-4BFD-AB1D-FA7FFB3A3EAA}.Debug|Any CPU.ActiveCfg = Debug|Any CPU
		{0EB39A18-8FC6-4BFD-AB1D-FA7FFB3A3EAA}.Debug|Any CPU.Build.0 = Debug|Any CPU
		{0EB39A18-8FC6-4BFD-AB1D-FA7FFB3A3EAA}.Release|Any CPU.ActiveCfg = Release|Any CPU
		{0EB39A18-8FC6-4BFD-AB1D-FA7FFB3A3EAA}.Release|Any CPU.Build.0 = Release|Any CPU
	EndGlobalSection
	GlobalSection(SolutionProperties) = preSolution
		HideSolutionNode = FALSE
	EndGlobalSection
	GlobalSection(ExtensibilityGlobals) = postSolution
		SolutionGuid = {239F994D-5D69-4474-B6AE-6B090D627687}
	EndGlobalSection
EndGlobal
